
Microsoft Visual Studio Solution File, Format Version 12.00
# Visual Studio Version 16
VisualStudioVersion = 16.0.30804.86
MinimumVisualStudioVersion = 10.0.40219.1
Project("{9A19103F-16F7-4668-BE54-9A1E7A4F7556}") = "BillsManagement.Services", "BillsManagement.Services\BillsManagement.Services.csproj", "{B6B1D46E-33BF-4588-8FA6-8F77745640E1}"
EndProject
Project("{9A19103F-16F7-4668-BE54-9A1E7A4F7556}") = "BillsManagement.Security", "BillsManagement.Security\BillsManagement.Security.csproj", "{3D19393F-4E20-4AC5-A5D8-CECDCC0A3713}"
EndProject
Project("{9A19103F-16F7-4668-BE54-9A1E7A4F7556}") = "BillsManagement.Utility", "BillsManagement.Utility\BillsManagement.Utility.csproj", "{F20EC64A-385D-475C-AD92-AD5A9AF0F78B}"
EndProject
Project("{9A19103F-16F7-4668-BE54-9A1E7A4F7556}") = "BillsManagement.DomainModels", "BillsManagement.DomainModels\BillsManagement.DomainModels.csproj", "{4DBC1E5C-4BFD-48FC-89BC-CBE461EB20D9}"
EndProject
Project("{9A19103F-16F7-4668-BE54-9A1E7A4F7556}") = "BillsManagement.Exception", "BillsManagement.Exception\BillsManagement.Exception.csproj", "{D665760D-1A8C-448D-89B3-3CA33796B3C9}"
EndProject
Project("{9A19103F-16F7-4668-BE54-9A1E7A4F7556}") = "BillsManagement.DataContracts", "BillsManagement.DataContracts\BillsManagement.DataContracts.csproj", "{AAFE543F-23A7-40D4-8F5A-E9E9F8970102}"
EndProject
Project("{9A19103F-16F7-4668-BE54-9A1E7A4F7556}") = "BillsManagement.Tests", "BillsManagement.Tests\BillsManagement.Tests.csproj", "{2F3D8F32-9C46-4A9B-AADD-EB80D43A8D67}"
EndProject
Project("{9A19103F-16F7-4668-BE54-9A1E7A4F7556}") = "BillsManagement.API", "BillsManagement.API\BillsManagement.API.csproj", "{5A30AF68-1A12-4F19-B728-3AA720A3C26B}"
EndProject
Project("{9A19103F-16F7-4668-BE54-9A1E7A4F7556}") = "BillsManagement.Data", "BillsManagement.Data\BillsManagement.Data.csproj", "{AEAF74D1-2AF3-4607-B19D-426DD484071A}"
EndProject
Project("{9A19103F-16F7-4668-BE54-9A1E7A4F7556}") = "BillsManagement.Data.Contracts", "BillsManagement.Data.Contracts\BillsManagement.Data.Contracts.csproj", "{1458EF05-C45C-4113-9210-FE48047AF11F}"
EndProject
Global
	GlobalSection(SolutionConfigurationPlatforms) = preSolution
		Debug|Any CPU = Debug|Any CPU
		Release|Any CPU = Release|Any CPU
	EndGlobalSection
	GlobalSection(ProjectConfigurationPlatforms) = postSolution
		{B6B1D46E-33BF-4588-8FA6-8F77745640E1}.Debug|Any CPU.ActiveCfg = Debug|Any CPU
		{B6B1D46E-33BF-4588-8FA6-8F77745640E1}.Debug|Any CPU.Build.0 = Debug|Any CPU
		{B6B1D46E-33BF-4588-8FA6-8F77745640E1}.Release|Any CPU.ActiveCfg = Release|Any CPU
		{B6B1D46E-33BF-4588-8FA6-8F77745640E1}.Release|Any CPU.Build.0 = Release|Any CPU
		{3D19393F-4E20-4AC5-A5D8-CECDCC0A3713}.Debug|Any CPU.ActiveCfg = Debug|Any CPU
		{3D19393F-4E20-4AC5-A5D8-CECDCC0A3713}.Debug|Any CPU.Build.0 = Debug|Any CPU
		{3D19393F-4E20-4AC5-A5D8-CECDCC0A3713}.Release|Any CPU.ActiveCfg = Release|Any CPU
		{3D19393F-4E20-4AC5-A5D8-CECDCC0A3713}.Release|Any CPU.Build.0 = Release|Any CPU
		{F20EC64A-385D-475C-AD92-AD5A9AF0F78B}.Debug|Any CPU.ActiveCfg = Debug|Any CPU
		{F20EC64A-385D-475C-AD92-AD5A9AF0F78B}.Debug|Any CPU.Build.0 = Debug|Any CPU
		{F20EC64A-385D-475C-AD92-AD5A9AF0F78B}.Release|Any CPU.ActiveCfg = Release|Any CPU
		{F20EC64A-385D-475C-AD92-AD5A9AF0F78B}.Release|Any CPU.Build.0 = Release|Any CPU
		{4DBC1E5C-4BFD-48FC-89BC-CBE461EB20D9}.Debug|Any CPU.ActiveCfg = Debug|Any CPU
		{4DBC1E5C-4BFD-48FC-89BC-CBE461EB20D9}.Debug|Any CPU.Build.0 = Debug|Any CPU
		{4DBC1E5C-4BFD-48FC-89BC-CBE461EB20D9}.Release|Any CPU.ActiveCfg = Release|Any CPU
		{4DBC1E5C-4BFD-48FC-89BC-CBE461EB20D9}.Release|Any CPU.Build.0 = Release|Any CPU
		{D665760D-1A8C-448D-89B3-3CA33796B3C9}.Debug|Any CPU.ActiveCfg = Debug|Any CPU
		{D665760D-1A8C-448D-89B3-3CA33796B3C9}.Debug|Any CPU.Build.0 = Debug|Any CPU
		{D665760D-1A8C-448D-89B3-3CA33796B3C9}.Release|Any CPU.ActiveCfg = Release|Any CPU
		{D665760D-1A8C-448D-89B3-3CA33796B3C9}.Release|Any CPU.Build.0 = Release|Any CPU
		{AAFE543F-23A7-40D4-8F5A-E9E9F8970102}.Debug|Any CPU.ActiveCfg = Debug|Any CPU
		{AAFE543F-23A7-40D4-8F5A-E9E9F8970102}.Debug|Any CPU.Build.0 = Debug|Any CPU
		{AAFE543F-23A7-40D4-8F5A-E9E9F8970102}.Release|Any CPU.ActiveCfg = Release|Any CPU
		{AAFE543F-23A7-40D4-8F5A-E9E9F8970102}.Release|Any CPU.Build.0 = Release|Any CPU
		{2F3D8F32-9C46-4A9B-AADD-EB80D43A8D67}.Debug|Any CPU.ActiveCfg = Debug|Any CPU
		{2F3D8F32-9C46-4A9B-AADD-EB80D43A8D67}.Debug|Any CPU.Build.0 = Debug|Any CPU
		{2F3D8F32-9C46-4A9B-AADD-EB80D43A8D67}.Release|Any CPU.ActiveCfg = Release|Any CPU
		{2F3D8F32-9C46-4A9B-AADD-EB80D43A8D67}.Release|Any CPU.Build.0 = Release|Any CPU
		{5A30AF68-1A12-4F19-B728-3AA720A3C26B}.Debug|Any CPU.ActiveCfg = Debug|Any CPU
		{5A30AF68-1A12-4F19-B728-3AA720A3C26B}.Debug|Any CPU.Build.0 = Debug|Any CPU
		{5A30AF68-1A12-4F19-B728-3AA720A3C26B}.Release|Any CPU.ActiveCfg = Release|Any CPU
		{5A30AF68-1A12-4F19-B728-3AA720A3C26B}.Release|Any CPU.Build.0 = Release|Any CPU
		{AEAF74D1-2AF3-4607-B19D-426DD484071A}.Debug|Any CPU.ActiveCfg = Debug|Any CPU
		{AEAF74D1-2AF3-4607-B19D-426DD484071A}.Debug|Any CPU.Build.0 = Debug|Any CPU
		{AEAF74D1-2AF3-4607-B19D-426DD484071A}.Release|Any CPU.ActiveCfg = Release|Any CPU
		{AEAF74D1-2AF3-4607-B19D-426DD484071A}.Release|Any CPU.Build.0 = Release|Any CPU
		{1458EF05-C45C-4113-9210-FE48047AF11F}.Debug|Any CPU.ActiveCfg = Debug|Any CPU
		{1458EF05-C45C-4113-9210-FE48047AF11F}.Debug|Any CPU.Build.0 = Debug|Any CPU
		{1458EF05-C45C-4113-9210-FE48047AF11F}.Release|Any CPU.ActiveCfg = Release|Any CPU
		{1458EF05-C45C-4113-9210-FE48047AF11F}.Release|Any CPU.Build.0 = Release|Any CPU
	EndGlobalSection
	GlobalSection(SolutionProperties) = preSolution
		HideSolutionNode = FALSE
	EndGlobalSection
	GlobalSection(ExtensibilityGlobals) = postSolution
		SolutionGuid = {58F1FD18-F677-4EAA-A597-6C517CB5DB6F}
	EndGlobalSection
EndGlobal
