
Microsoft Visual Studio Solution File, Format Version 12.00
# Visual Studio Version 16
VisualStudioVersion = 16.0.30804.86
MinimumVisualStudioVersion = 10.0.40219.1
Project("{9A19103F-16F7-4668-BE54-9A1E7A4F7556}") = "BillsManagement.Core", "BillsManagement.Core\BillsManagement.Core.csproj", "{06BA0B9F-2860-46B2-B7A5-22B33FEDF296}"
EndProject
Project("{9A19103F-16F7-4668-BE54-9A1E7A4F7556}") = "BillsManagement.DAL", "BillsManagement.DAL\BillsManagement.DAL.csproj", "{64677613-9D40-4D42-A44F-34535D407660}"
EndProject
Project("{9A19103F-16F7-4668-BE54-9A1E7A4F7556}") = "BillsManagement.Repository", "BillsManagement.Repository\BillsManagement.Repository.csproj", "{9B8145D9-DB1A-4E05-9263-A278EDB502B1}"
EndProject
Project("{9A19103F-16F7-4668-BE54-9A1E7A4F7556}") = "BillsManagement.Services", "BillsManagement.Services\BillsManagement.Services.csproj", "{B6B1D46E-33BF-4588-8FA6-8F77745640E1}"
EndProject
Project("{9A19103F-16F7-4668-BE54-9A1E7A4F7556}") = "BillsManagement.Security", "BillsManagement.Security\BillsManagement.Security.csproj", "{3D19393F-4E20-4AC5-A5D8-CECDCC0A3713}"
EndProject
Project("{9A19103F-16F7-4668-BE54-9A1E7A4F7556}") = "BillsManagement.Utility", "BillsManagement.Utility\BillsManagement.Utility.csproj", "{F20EC64A-385D-475C-AD92-AD5A9AF0F78B}"
EndProject
Project("{9A19103F-16F7-4668-BE54-9A1E7A4F7556}") = "BillsManagement.DomainModels", "BillsManagement.DomainModels\BillsManagement.DomainModels.csproj", "{4DBC1E5C-4BFD-48FC-89BC-CBE461EB20D9}"
EndProject
Project("{9A19103F-16F7-4668-BE54-9A1E7A4F7556}") = "BillsManagement.Tests", "BillsManagement.Tests\BillsManagement.Tests.csproj", "{EC5E20BC-F1E7-4DAC-A7C5-AD122720390E}"
EndProject
Project("{FAE04EC0-301F-11D3-BF4B-00C04F79EFBC}") = "BillsManagement.Exception", "BillsManagement.Exception\BillsManagement.Exception.csproj", "{D665760D-1A8C-448D-89B3-3CA33796B3C9}"
EndProject
Global
	GlobalSection(SolutionConfigurationPlatforms) = preSolution
		Debug|Any CPU = Debug|Any CPU
		Release|Any CPU = Release|Any CPU
	EndGlobalSection
	GlobalSection(ProjectConfigurationPlatforms) = postSolution
		{06BA0B9F-2860-46B2-B7A5-22B33FEDF296}.Debug|Any CPU.ActiveCfg = Debug|Any CPU
		{06BA0B9F-2860-46B2-B7A5-22B33FEDF296}.Debug|Any CPU.Build.0 = Debug|Any CPU
		{06BA0B9F-2860-46B2-B7A5-22B33FEDF296}.Release|Any CPU.ActiveCfg = Release|Any CPU
		{06BA0B9F-2860-46B2-B7A5-22B33FEDF296}.Release|Any CPU.Build.0 = Release|Any CPU
		{64677613-9D40-4D42-A44F-34535D407660}.Debug|Any CPU.ActiveCfg = Debug|Any CPU
		{64677613-9D40-4D42-A44F-34535D407660}.Debug|Any CPU.Build.0 = Debug|Any CPU
		{64677613-9D40-4D42-A44F-34535D407660}.Release|Any CPU.ActiveCfg = Release|Any CPU
		{64677613-9D40-4D42-A44F-34535D407660}.Release|Any CPU.Build.0 = Release|Any CPU
		{9B8145D9-DB1A-4E05-9263-A278EDB502B1}.Debug|Any CPU.ActiveCfg = Debug|Any CPU
		{9B8145D9-DB1A-4E05-9263-A278EDB502B1}.Debug|Any CPU.Build.0 = Debug|Any CPU
		{9B8145D9-DB1A-4E05-9263-A278EDB502B1}.Release|Any CPU.ActiveCfg = Release|Any CPU
		{9B8145D9-DB1A-4E05-9263-A278EDB502B1}.Release|Any CPU.Build.0 = Release|Any CPU
		{B6B1D46E-33BF-4588-8FA6-8F77745640E1}.Debug|Any CPU.ActiveCfg = Debug|Any CPU
		{B6B1D46E-33BF-4588-8FA6-8F77745640E1}.Debug|Any CPU.Build.0 = Debug|Any CPU
		{B6B1D46E-33BF-4588-8FA6-8F77745640E1}.Release|Any CPU.ActiveCfg = Release|Any CPU
		{B6B1D46E-33BF-4588-8FA6-8F77745640E1}.Release|Any CPU.Build.0 = Release|Any CPU
		{3D19393F-4E20-4AC5-A5D8-CECDCC0A3713}.Debug|Any CPU.ActiveCfg = Debug|Any CPU
		{3D19393F-4E20-4AC5-A5D8-CECDCC0A3713}.Debug|Any CPU.Build.0 = Debug|Any CPU
		{3D19393F-4E20-4AC5-A5D8-CECDCC0A3713}.Release|Any CPU.ActiveCfg = Release|Any CPU
		{3D19393F-4E20-4AC5-A5D8-CECDCC0A3713}.Release|Any CPU.Build.0 = Release|Any CPU
		{F20EC64A-385D-475C-AD92-AD5A9AF0F78B}.Debug|Any CPU.ActiveCfg = Debug|Any CPU
		{F20EC64A-385D-475C-AD92-AD5A9AF0F78B}.Debug|Any CPU.Build.0 = Debug|Any CPU
		{F20EC64A-385D-475C-AD92-AD5A9AF0F78B}.Release|Any CPU.ActiveCfg = Release|Any CPU
		{F20EC64A-385D-475C-AD92-AD5A9AF0F78B}.Release|Any CPU.Build.0 = Release|Any CPU
		{4DBC1E5C-4BFD-48FC-89BC-CBE461EB20D9}.Debug|Any CPU.ActiveCfg = Debug|Any CPU
		{4DBC1E5C-4BFD-48FC-89BC-CBE461EB20D9}.Debug|Any CPU.Build.0 = Debug|Any CPU
		{4DBC1E5C-4BFD-48FC-89BC-CBE461EB20D9}.Release|Any CPU.ActiveCfg = Release|Any CPU
		{4DBC1E5C-4BFD-48FC-89BC-CBE461EB20D9}.Release|Any CPU.Build.0 = Release|Any CPU
		{EC5E20BC-F1E7-4DAC-A7C5-AD122720390E}.Debug|Any CPU.ActiveCfg = Debug|Any CPU
		{EC5E20BC-F1E7-4DAC-A7C5-AD122720390E}.Debug|Any CPU.Build.0 = Debug|Any CPU
		{EC5E20BC-F1E7-4DAC-A7C5-AD122720390E}.Release|Any CPU.ActiveCfg = Release|Any CPU
		{EC5E20BC-F1E7-4DAC-A7C5-AD122720390E}.Release|Any CPU.Build.0 = Release|Any CPU
		{D665760D-1A8C-448D-89B3-3CA33796B3C9}.Debug|Any CPU.ActiveCfg = Debug|Any CPU
		{D665760D-1A8C-448D-89B3-3CA33796B3C9}.Debug|Any CPU.Build.0 = Debug|Any CPU
		{D665760D-1A8C-448D-89B3-3CA33796B3C9}.Release|Any CPU.ActiveCfg = Release|Any CPU
		{D665760D-1A8C-448D-89B3-3CA33796B3C9}.Release|Any CPU.Build.0 = Release|Any CPU
	EndGlobalSection
	GlobalSection(SolutionProperties) = preSolution
		HideSolutionNode = FALSE
	EndGlobalSection
	GlobalSection(ExtensibilityGlobals) = postSolution
		SolutionGuid = {58F1FD18-F677-4EAA-A597-6C517CB5DB6F}
	EndGlobalSection
EndGlobal
